
Microsoft Visual Studio Solution File, Format Version 12.00
# Visual Studio Version 17
VisualStudioVersion = 17.0.31903.59
MinimumVisualStudioVersion = 10.0.40219.1
Project("{FAE04EC0-301F-11D3-BF4B-00C04F79EFBC}") = "CobolDocumentor", "src\CobolDocumentor\CobolDocumentor.csproj", "{2F1C7C3F-6BB1-4D06-A8B2-8C7E5B8F1A01}"
EndProject
Project("{FAE04EC0-301F-11D3-BF4B-00C04F79EFBC}") = "CobolDocumentor.Cli", "src\CobolDocumentor.Cli\CobolDocumentor.Cli.csproj", "{7CC25591-3CC6-4932-8B9C-2B699D5F39CC}"
EndProject
Project("{FAE04EC0-301F-11D3-BF4B-00C04F79EFBC}") = "CobolDocumentor.Tests", "tests\CobolDocumentor.Tests\CobolDocumentor.Tests.csproj", "{80D70E37-3D19-438C-94F8-980F1B923CF4}"
EndProject
Global
	GlobalSection(SolutionConfigurationPlatforms) = preSolution
		Debug|Any CPU = Debug|Any CPU
		Release|Any CPU = Release|Any CPU
	EndGlobalSection
	GlobalSection(ProjectConfigurationPlatforms) = postSolution
		{2F1C7C3F-6BB1-4D06-A8B2-8C7E5B8F1A01}.Debug|Any CPU.ActiveCfg = Debug|Any CPU
		{2F1C7C3F-6BB1-4D06-A8B2-8C7E5B8F1A01}.Debug|Any CPU.Build.0 = Debug|Any CPU
		{2F1C7C3F-6BB1-4D06-A8B2-8C7E5B8F1A01}.Release|Any CPU.ActiveCfg = Release|Any CPU
		{2F1C7C3F-6BB1-4D06-A8B2-8C7E5B8F1A01}.Release|Any CPU.Build.0 = Release|Any CPU
		{7CC25591-3CC6-4932-8B9C-2B699D5F39CC}.Debug|Any CPU.ActiveCfg = Debug|Any CPU
		{7CC25591-3CC6-4932-8B9C-2B699D5F39CC}.Debug|Any CPU.Build.0 = Debug|Any CPU
		{7CC25591-3CC6-4932-8B9C-2B699D5F39CC}.Release|Any CPU.ActiveCfg = Release|Any CPU
		{7CC25591-3CC6-4932-8B9C-2B699D5F39CC}.Release|Any CPU.Build.0 = Release|Any CPU
		{80D70E37-3D19-438C-94F8-980F1B923CF4}.Debug|Any CPU.ActiveCfg = Debug|Any CPU
		{80D70E37-3D19-438C-94F8-980F1B923CF4}.Debug|Any CPU.Build.0 = Debug|Any CPU
		{80D70E37-3D19-438C-94F8-980F1B923CF4}.Release|Any CPU.ActiveCfg = Release|Any CPU
		{80D70E37-3D19-438C-94F8-980F1B923CF4}.Release|Any CPU.Build.0 = Release|Any CPU
	EndGlobalSection
EndGlobal
